
Microsoft Visual Studio Solution File, Format Version 12.00
# Visual Studio 14
VisualStudioVersion = 14.0.25420.1
MinimumVisualStudioVersion = 10.0.40219.1
Project("{FAE04EC0-301F-11D3-BF4B-00C04F79EFBC}") = "Edrawing_TEST", "Edrawing_TEST\Edrawing_TEST.csproj", "{A76AB48E-BA77-483A-ABAD-4BD2963110FA}"
EndProject
Global
	GlobalSection(SolutionConfigurationPlatforms) = preSolution
		Debug|Any CPU = Debug|Any CPU
		Debug|x64 = Debug|x64
		Release|Any CPU = Release|Any CPU
		Release|x64 = Release|x64
	EndGlobalSection
	GlobalSection(ProjectConfigurationPlatforms) = postSolution
		{A76AB48E-BA77-483A-ABAD-4BD2963110FA}.Debug|Any CPU.ActiveCfg = Debug|Any CPU
		{A76AB48E-BA77-483A-ABAD-4BD2963110FA}.Debug|Any CPU.Build.0 = Debug|Any CPU
		{A76AB48E-BA77-483A-ABAD-4BD2963110FA}.Debug|x64.ActiveCfg = Debug|Any CPU
		{A76AB48E-BA77-483A-ABAD-4BD2963110FA}.Debug|x64.Build.0 = Debug|Any CPU
		{A76AB48E-BA77-483A-ABAD-4BD2963110FA}.Release|Any CPU.ActiveCfg = Release|Any CPU
		{A76AB48E-BA77-483A-ABAD-4BD2963110FA}.Release|Any CPU.Build.0 = Release|Any CPU
		{A76AB48E-BA77-483A-ABAD-4BD2963110FA}.Release|x64.ActiveCfg = Release|Any CPU
		{A76AB48E-BA77-483A-ABAD-4BD2963110FA}.Release|x64.Build.0 = Release|Any CPU
	EndGlobalSection
	GlobalSection(SolutionProperties) = preSolution
		HideSolutionNode = FALSE
	EndGlobalSection
EndGlobal
